// !$*UTF8*$!
{
	archiveVersion = 1;
	classes = {
	};
	objectVersion = 56;
	objects = {

/* Begin PBXBuildFile section */
		DABFBAC029143CB200B2EE16 /* AppDelegate.swift in Sources */ = {isa = PBXBuildFile; fileRef = DABFBABF29143CB200B2EE16 /* AppDelegate.swift */; };
		DABFBAC229143CB200B2EE16 /* SceneDelegate.swift in Sources */ = {isa = PBXBuildFile; fileRef = DABFBAC129143CB200B2EE16 /* SceneDelegate.swift */; };
		DABFBAC929143CB400B2EE16 /* Assets.xcassets in Resources */ = {isa = PBXBuildFile; fileRef = DABFBAC829143CB400B2EE16 /* Assets.xcassets */; };
		DABFBACC29143CB400B2EE16 /* LaunchScreen.storyboard in Resources */ = {isa = PBXBuildFile; fileRef = DABFBACA29143CB400B2EE16 /* LaunchScreen.storyboard */; };
		DAE2991D29143DFC00268F2E /* SignInView.swift in Sources */ = {isa = PBXBuildFile; fileRef = DAE2991C29143DFC00268F2E /* SignInView.swift */; };
		DAE2991F29143E0700268F2E /* SignInViewModel.swift in Sources */ = {isa = PBXBuildFile; fileRef = DAE2991E29143E0700268F2E /* SignInViewModel.swift */; };
		DAE2992129143E1200268F2E /* LoginCoordinator.swift in Sources */ = {isa = PBXBuildFile; fileRef = DAE2992029143E1200268F2E /* LoginCoordinator.swift */; };
		DAE299242914439F00268F2E /* RegistrationView.swift in Sources */ = {isa = PBXBuildFile; fileRef = DAE299232914439F00268F2E /* RegistrationView.swift */; };
		DAE29926291443B200268F2E /* RegistrationViewModel.swift in Sources */ = {isa = PBXBuildFile; fileRef = DAE29925291443B200268F2E /* RegistrationViewModel.swift */; };
/* End PBXBuildFile section */

/* Begin PBXFileReference section */
		DABFBABC29143CB200B2EE16 /* MVVM + Coordinator.app */ = {isa = PBXFileReference; explicitFileType = wrapper.application; includeInIndex = 0; path = "MVVM + Coordinator.app"; sourceTree = BUILT_PRODUCTS_DIR; };
		DABFBABF29143CB200B2EE16 /* AppDelegate.swift */ = {isa = PBXFileReference; lastKnownFileType = sourcecode.swift; path = AppDelegate.swift; sourceTree = "<group>"; };
		DABFBAC129143CB200B2EE16 /* SceneDelegate.swift */ = {isa = PBXFileReference; lastKnownFileType = sourcecode.swift; path = SceneDelegate.swift; sourceTree = "<group>"; };
		DABFBAC829143CB400B2EE16 /* Assets.xcassets */ = {isa = PBXFileReference; lastKnownFileType = folder.assetcatalog; path = Assets.xcassets; sourceTree = "<group>"; };
		DABFBACB29143CB400B2EE16 /* Base */ = {isa = PBXFileReference; lastKnownFileType = file.storyboard; name = Base; path = Base.lproj/LaunchScreen.storyboard; sourceTree = "<group>"; };
		DABFBACD29143CB400B2EE16 /* Info.plist */ = {isa = PBXFileReference; lastKnownFileType = text.plist.xml; path = Info.plist; sourceTree = "<group>"; };
		DAE2991C29143DFC00268F2E /* SignInView.swift */ = {isa = PBXFileReference; lastKnownFileType = sourcecode.swift; path = SignInView.swift; sourceTree = "<group>"; };
		DAE2991E29143E0700268F2E /* SignInViewModel.swift */ = {isa = PBXFileReference; lastKnownFileType = sourcecode.swift; path = SignInViewModel.swift; sourceTree = "<group>"; };
		DAE2992029143E1200268F2E /* LoginCoordinator.swift */ = {isa = PBXFileReference; lastKnownFileType = sourcecode.swift; path = LoginCoordinator.swift; sourceTree = "<group>"; };
		DAE299232914439F00268F2E /* RegistrationView.swift */ = {isa = PBXFileReference; lastKnownFileType = sourcecode.swift; path = RegistrationView.swift; sourceTree = "<group>"; };
		DAE29925291443B200268F2E /* RegistrationViewModel.swift */ = {isa = PBXFileReference; lastKnownFileType = sourcecode.swift; path = RegistrationViewModel.swift; sourceTree = "<group>"; };
/* End PBXFileReference section */

/* Begin PBXFrameworksBuildPhase section */
		DABFBAB929143CB200B2EE16 /* Frameworks */ = {
			isa = PBXFrameworksBuildPhase;
			buildActionMask = 2147483647;
			files = (
			);
			runOnlyForDeploymentPostprocessing = 0;
		};
/* End PBXFrameworksBuildPhase section */

/* Begin PBXGroup section */
		DABFBAB329143CB200B2EE16 = {
			isa = PBXGroup;
			children = (
				DABFBABE29143CB200B2EE16 /* MVVM + Coordinator */,
				DABFBABD29143CB200B2EE16 /* Products */,
			);
			sourceTree = "<group>";
		};
		DABFBABD29143CB200B2EE16 /* Products */ = {
			isa = PBXGroup;
			children = (
				DABFBABC29143CB200B2EE16 /* MVVM + Coordinator.app */,
			);
			name = Products;
			sourceTree = "<group>";
		};
		DABFBABE29143CB200B2EE16 /* MVVM + Coordinator */ = {
			isa = PBXGroup;
			children = (
				DABFBAD529143D3C00B2EE16 /* LoginFlow */,
				DABFBAD429143CF800B2EE16 /* Resources */,
				DABFBAD329143CDE00B2EE16 /* Applications */,
			);
			path = "MVVM + Coordinator";
			sourceTree = "<group>";
		};
		DABFBAD329143CDE00B2EE16 /* Applications */ = {
			isa = PBXGroup;
			children = (
				DABFBABF29143CB200B2EE16 /* AppDelegate.swift */,
				DABFBAC129143CB200B2EE16 /* SceneDelegate.swift */,
			);
			path = Applications;
			sourceTree = "<group>";
		};
		DABFBAD429143CF800B2EE16 /* Resources */ = {
			isa = PBXGroup;
			children = (
				DABFBAC829143CB400B2EE16 /* Assets.xcassets */,
				DABFBACA29143CB400B2EE16 /* LaunchScreen.storyboard */,
				DABFBACD29143CB400B2EE16 /* Info.plist */,
			);
			path = Resources;
			sourceTree = "<group>";
		};
		DABFBAD529143D3C00B2EE16 /* LoginFlow */ = {
			isa = PBXGroup;
			children = (
				DAE299222914438E00268F2E /* Registration */,
				DAE2991B29143DEB00268F2E /* SignIn */,
				DAE2992029143E1200268F2E /* LoginCoordinator.swift */,
			);
			path = LoginFlow;
			sourceTree = "<group>";
		};
		DAE2991B29143DEB00268F2E /* SignIn */ = {
			isa = PBXGroup;
			children = (
				DAE2991C29143DFC00268F2E /* SignInView.swift */,
				DAE2991E29143E0700268F2E /* SignInViewModel.swift */,
			);
			path = SignIn;
			sourceTree = "<group>";
		};
		DAE299222914438E00268F2E /* Registration */ = {
			isa = PBXGroup;
			children = (
				DAE299232914439F00268F2E /* RegistrationView.swift */,
				DAE29925291443B200268F2E /* RegistrationViewModel.swift */,
			);
			path = Registration;
			sourceTree = "<group>";
		};
/* End PBXGroup section */

/* Begin PBXNativeTarget section */
		DABFBABB29143CB200B2EE16 /* MVVM + Coordinator */ = {
			isa = PBXNativeTarget;
			buildConfigurationList = DABFBAD029143CB400B2EE16 /* Build configuration list for PBXNativeTarget "MVVM + Coordinator" */;
			buildPhases = (
				DABFBAB829143CB200B2EE16 /* Sources */,
				DABFBAB929143CB200B2EE16 /* Frameworks */,
				DABFBABA29143CB200B2EE16 /* Resources */,
			);
			buildRules = (
			);
			dependencies = (
			);
			name = "MVVM + Coordinator";
			productName = "MVVM + Coordinator";
			productReference = DABFBABC29143CB200B2EE16 /* MVVM + Coordinator.app */;
			productType = "com.apple.product-type.application";
		};
/* End PBXNativeTarget section */

/* Begin PBXProject section */
		DABFBAB429143CB200B2EE16 /* Project object */ = {
			isa = PBXProject;
			attributes = {
				BuildIndependentTargetsInParallel = 1;
				LastSwiftUpdateCheck = 1410;
				LastUpgradeCheck = 1410;
				TargetAttributes = {
					DABFBABB29143CB200B2EE16 = {
						CreatedOnToolsVersion = 14.1;
					};
				};
			};
			buildConfigurationList = DABFBAB729143CB200B2EE16 /* Build configuration list for PBXProject "MVVM + Coordinator" */;
			compatibilityVersion = "Xcode 14.0";
			developmentRegion = en;
			hasScannedForEncodings = 0;
			knownRegions = (
				en,
				Base,
			);
			mainGroup = DABFBAB329143CB200B2EE16;
			productRefGroup = DABFBABD29143CB200B2EE16 /* Products */;
			projectDirPath = "";
			projectRoot = "";
			targets = (
				DABFBABB29143CB200B2EE16 /* MVVM + Coordinator */,
			);
		};
/* End PBXProject section */

/* Begin PBXResourcesBuildPhase section */
		DABFBABA29143CB200B2EE16 /* Resources */ = {
			isa = PBXResourcesBuildPhase;
			buildActionMask = 2147483647;
			files = (
				DABFBACC29143CB400B2EE16 /* LaunchScreen.storyboard in Resources */,
				DABFBAC929143CB400B2EE16 /* Assets.xcassets in Resources */,
			);
			runOnlyForDeploymentPostprocessing = 0;
		};
/* End PBXResourcesBuildPhase section */

/* Begin PBXSourcesBuildPhase section */
		DABFBAB829143CB200B2EE16 /* Sources */ = {
			isa = PBXSourcesBuildPhase;
			buildActionMask = 2147483647;
			files = (
				DAE2992129143E1200268F2E /* LoginCoordinator.swift in Sources */,
				DABFBAC029143CB200B2EE16 /* AppDelegate.swift in Sources */,
				DAE2991D29143DFC00268F2E /* SignInView.swift in Sources */,
				DAE29926291443B200268F2E /* RegistrationViewModel.swift in Sources */,
				DABFBAC229143CB200B2EE16 /* SceneDelegate.swift in Sources */,
				DAE299242914439F00268F2E /* RegistrationView.swift in Sources */,
				DAE2991F29143E0700268F2E /* SignInViewModel.swift in Sources */,
			);
			runOnlyForDeploymentPostprocessing = 0;
		};
/* End PBXSourcesBuildPhase section */

/* Begin PBXVariantGroup section */
		DABFBACA29143CB400B2EE16 /* LaunchScreen.storyboard */ = {
			isa = PBXVariantGroup;
			children = (
				DABFBACB29143CB400B2EE16 /* Base */,
			);
			name = LaunchScreen.storyboard;
			sourceTree = "<group>";
		};
/* End PBXVariantGroup section */

/* Begin XCBuildConfiguration section */
		DABFBACE29143CB400B2EE16 /* Debug */ = {
			isa = XCBuildConfiguration;
			buildSettings = {
				ALWAYS_SEARCH_USER_PATHS = NO;
				CLANG_ANALYZER_NONNULL = YES;
				CLANG_ANALYZER_NUMBER_OBJECT_CONVERSION = YES_AGGRESSIVE;
				CLANG_CXX_LANGUAGE_STANDARD = "gnu++20";
				CLANG_ENABLE_MODULES = YES;
				CLANG_ENABLE_OBJC_ARC = YES;
				CLANG_ENABLE_OBJC_WEAK = YES;
				CLANG_WARN_BLOCK_CAPTURE_AUTORELEASING = YES;
				CLANG_WARN_BOOL_CONVERSION = YES;
				CLANG_WARN_COMMA = YES;
				CLANG_WARN_CONSTANT_CONVERSION = YES;
				CLANG_WARN_DEPRECATED_OBJC_IMPLEMENTATIONS = YES;
				CLANG_WARN_DIRECT_OBJC_ISA_USAGE = YES_ERROR;
				CLANG_WARN_DOCUMENTATION_COMMENTS = YES;
				CLANG_WARN_EMPTY_BODY = YES;
				CLANG_WARN_ENUM_CONVERSION = YES;
				CLANG_WARN_INFINITE_RECURSION = YES;
				CLANG_WARN_INT_CONVERSION = YES;
				CLANG_WARN_NON_LITERAL_NULL_CONVERSION = YES;
				CLANG_WARN_OBJC_IMPLICIT_RETAIN_SELF = YES;
				CLANG_WARN_OBJC_LITERAL_CONVERSION = YES;
				CLANG_WARN_OBJC_ROOT_CLASS = YES_ERROR;
				CLANG_WARN_QUOTED_INCLUDE_IN_FRAMEWORK_HEADER = YES;
				CLANG_WARN_RANGE_LOOP_ANALYSIS = YES;
				CLANG_WARN_STRICT_PROTOTYPES = YES;
				CLANG_WARN_SUSPICIOUS_MOVE = YES;
				CLANG_WARN_UNGUARDED_AVAILABILITY = YES_AGGRESSIVE;
				CLANG_WARN_UNREACHABLE_CODE = YES;
				CLANG_WARN__DUPLICATE_METHOD_MATCH = YES;
				COPY_PHASE_STRIP = NO;
				DEBUG_INFORMATION_FORMAT = dwarf;
				ENABLE_STRICT_OBJC_MSGSEND = YES;
				ENABLE_TESTABILITY = YES;
				GCC_C_LANGUAGE_STANDARD = gnu11;
				GCC_DYNAMIC_NO_PIC = NO;
				GCC_NO_COMMON_BLOCKS = YES;
				GCC_OPTIMIZATION_LEVEL = 0;
				GCC_PREPROCESSOR_DEFINITIONS = (
					"DEBUG=1",
					"$(inherited)",
				);
				GCC_WARN_64_TO_32_BIT_CONVERSION = YES;
				GCC_WARN_ABOUT_RETURN_TYPE = YES_ERROR;
				GCC_WARN_UNDECLARED_SELECTOR = YES;
				GCC_WARN_UNINITIALIZED_AUTOS = YES_AGGRESSIVE;
				GCC_WARN_UNUSED_FUNCTION = YES;
				GCC_WARN_UNUSED_VARIABLE = YES;
				IPHONEOS_DEPLOYMENT_TARGET = 16.1;
				MTL_ENABLE_DEBUG_INFO = INCLUDE_SOURCE;
				MTL_FAST_MATH = YES;
				ONLY_ACTIVE_ARCH = YES;
				SDKROOT = iphoneos;
				SWIFT_ACTIVE_COMPILATION_CONDITIONS = DEBUG;
				SWIFT_OPTIMIZATION_LEVEL = "-Onone";
			};
			name = Debug;
		};
		DABFBACF29143CB400B2EE16 /* Release */ = {
			isa = XCBuildConfiguration;
			buildSettings = {
				ALWAYS_SEARCH_USER_PATHS = NO;
				CLANG_ANALYZER_NONNULL = YES;
				CLANG_ANALYZER_NUMBER_OBJECT_CONVERSION = YES_AGGRESSIVE;
				CLANG_CXX_LANGUAGE_STANDARD = "gnu++20";
				CLANG_ENABLE_MODULES = YES;
				CLANG_ENABLE_OBJC_ARC = YES;
				CLANG_ENABLE_OBJC_WEAK = YES;
				CLANG_WARN_BLOCK_CAPTURE_AUTORELEASING = YES;
				CLANG_WARN_BOOL_CONVERSION = YES;
				CLANG_WARN_COMMA = YES;
				CLANG_WARN_CONSTANT_CONVERSION = YES;
				CLANG_WARN_DEPRECATED_OBJC_IMPLEMENTATIONS = YES;
				CLANG_WARN_DIRECT_OBJC_ISA_USAGE = YES_ERROR;
				CLANG_WARN_DOCUMENTATION_COMMENTS = YES;
				CLANG_WARN_EMPTY_BODY = YES;
				CLANG_WARN_ENUM_CONVERSION = YES;
				CLANG_WARN_INFINITE_RECURSION = YES;
				CLANG_WARN_INT_CONVERSION = YES;
				CLANG_WARN_NON_LITERAL_NULL_CONVERSION = YES;
				CLANG_WARN_OBJC_IMPLICIT_RETAIN_SELF = YES;
				CLANG_WARN_OBJC_LITERAL_CONVERSION = YES;
				CLANG_WARN_OBJC_ROOT_CLASS = YES_ERROR;
				CLANG_WARN_QUOTED_INCLUDE_IN_FRAMEWORK_HEADER = YES;
				CLANG_WARN_RANGE_LOOP_ANALYSIS = YES;
				CLANG_WARN_STRICT_PROTOTYPES = YES;
				CLANG_WARN_SUSPICIOUS_MOVE = YES;
				CLANG_WARN_UNGUARDED_AVAILABILITY = YES_AGGRESSIVE;
				CLANG_WARN_UNREACHABLE_CODE = YES;
				CLANG_WARN__DUPLICATE_METHOD_MATCH = YES;
				COPY_PHASE_STRIP = NO;
				DEBUG_INFORMATION_FORMAT = "dwarf-with-dsym";
				ENABLE_NS_ASSERTIONS = NO;
				ENABLE_STRICT_OBJC_MSGSEND = YES;
				GCC_C_LANGUAGE_STANDARD = gnu11;
				GCC_NO_COMMON_BLOCKS = YES;
				GCC_WARN_64_TO_32_BIT_CONVERSION = YES;
				GCC_WARN_ABOUT_RETURN_TYPE = YES_ERROR;
				GCC_WARN_UNDECLARED_SELECTOR = YES;
				GCC_WARN_UNINITIALIZED_AUTOS = YES_AGGRESSIVE;
				GCC_WARN_UNUSED_FUNCTION = YES;
				GCC_WARN_UNUSED_VARIABLE = YES;
				IPHONEOS_DEPLOYMENT_TARGET = 16.1;
				MTL_ENABLE_DEBUG_INFO = NO;
				MTL_FAST_MATH = YES;
				SDKROOT = iphoneos;
				SWIFT_COMPILATION_MODE = wholemodule;
				SWIFT_OPTIMIZATION_LEVEL = "-O";
				VALIDATE_PRODUCT = YES;
			};
			name = Release;
		};
		DABFBAD129143CB400B2EE16 /* Debug */ = {
			isa = XCBuildConfiguration;
			buildSettings = {
				ASSETCATALOG_COMPILER_APPICON_NAME = AppIcon;
				ASSETCATALOG_COMPILER_GLOBAL_ACCENT_COLOR_NAME = AccentColor;
				CODE_SIGN_STYLE = Automatic;
				CURRENT_PROJECT_VERSION = 1;
				DEVELOPMENT_TEAM = 4XKQ66453D;
				GENERATE_INFOPLIST_FILE = YES;
				INFOPLIST_FILE = "MVVM + Coordinator/Resources/Info.plist";
				INFOPLIST_KEY_UIApplicationSupportsIndirectInputEvents = YES;
				INFOPLIST_KEY_UILaunchStoryboardName = LaunchScreen;
				INFOPLIST_KEY_UISupportedInterfaceOrientations_iPad = "UIInterfaceOrientationPortrait UIInterfaceOrientationPortraitUpsideDown UIInterfaceOrientationLandscapeLeft UIInterfaceOrientationLandscapeRight";
				INFOPLIST_KEY_UISupportedInterfaceOrientations_iPhone = "UIInterfaceOrientationPortrait UIInterfaceOrientationLandscapeLeft UIInterfaceOrientationLandscapeRight";
				LD_RUNPATH_SEARCH_PATHS = (
					"$(inherited)",
					"@executable_path/Frameworks",
				);
				MARKETING_VERSION = 1.0;
				PRODUCT_BUNDLE_IDENTIFIER = "com.aliaksandr.hunko.MVVM---Coordinator";
				PRODUCT_NAME = "$(TARGET_NAME)";
				SWIFT_EMIT_LOC_STRINGS = YES;
				SWIFT_VERSION = 5.0;
				TARGETED_DEVICE_FAMILY = "1,2";
			};
			name = Debug;
		};
		DABFBAD229143CB400B2EE16 /* Release */ = {
			isa = XCBuildConfiguration;
			buildSettings = {
				ASSETCATALOG_COMPILER_APPICON_NAME = AppIcon;
				ASSETCATALOG_COMPILER_GLOBAL_ACCENT_COLOR_NAME = AccentColor;
				CODE_SIGN_STYLE = Automatic;
				CURRENT_PROJECT_VERSION = 1;
				DEVELOPMENT_TEAM = 4XKQ66453D;
				GENERATE_INFOPLIST_FILE = YES;
				INFOPLIST_FILE = "MVVM + Coordinator/Resources/Info.plist";
				INFOPLIST_KEY_UIApplicationSupportsIndirectInputEvents = YES;
				INFOPLIST_KEY_UILaunchStoryboardName = LaunchScreen;
				INFOPLIST_KEY_UISupportedInterfaceOrientations_iPad = "UIInterfaceOrientationPortrait UIInterfaceOrientationPortraitUpsideDown UIInterfaceOrientationLandscapeLeft UIInterfaceOrientationLandscapeRight";
				INFOPLIST_KEY_UISupportedInterfaceOrientations_iPhone = "UIInterfaceOrientationPortrait UIInterfaceOrientationLandscapeLeft UIInterfaceOrientationLandscapeRight";
				LD_RUNPATH_SEARCH_PATHS = (
					"$(inherited)",
					"@executable_path/Frameworks",
				);
				MARKETING_VERSION = 1.0;
				PRODUCT_BUNDLE_IDENTIFIER = "com.aliaksandr.hunko.MVVM---Coordinator";
				PRODUCT_NAME = "$(TARGET_NAME)";
				SWIFT_EMIT_LOC_STRINGS = YES;
				SWIFT_VERSION = 5.0;
				TARGETED_DEVICE_FAMILY = "1,2";
			};
			name = Release;
		};
/* End XCBuildConfiguration section */

/* Begin XCConfigurationList section */
		DABFBAB729143CB200B2EE16 /* Build configuration list for PBXProject "MVVM + Coordinator" */ = {
			isa = XCConfigurationList;
			buildConfigurations = (
				DABFBACE29143CB400B2EE16 /* Debug */,
				DABFBACF29143CB400B2EE16 /* Release */,
			);
			defaultConfigurationIsVisible = 0;
			defaultConfigurationName = Release;
		};
		DABFBAD029143CB400B2EE16 /* Build configuration list for PBXNativeTarget "MVVM + Coordinator" */ = {
			isa = XCConfigurationList;
			buildConfigurations = (
				DABFBAD129143CB400B2EE16 /* Debug */,
				DABFBAD229143CB400B2EE16 /* Release */,
			);
			defaultConfigurationIsVisible = 0;
			defaultConfigurationName = Release;
		};
/* End XCConfigurationList section */
	};
	rootObject = DABFBAB429143CB200B2EE16 /* Project object */;
}
